
Microsoft Visual Studio Solution File, Format Version 12.00
# Visual Studio Version 16
VisualStudioVersion = 16.0.31624.102
MinimumVisualStudioVersion = 10.0.40219.1
Project("{9A19103F-16F7-4668-BE54-9A1E7A4F7556}") = "BusinessLogicLayer.Helpers", "BusinessLogicLayer.Helpers\BusinessLogicLayer.Helpers.csproj", "{7021BC92-8771-4776-A894-58AE2543A571}"
EndProject
Project("{FAE04EC0-301F-11D3-BF4B-00C04F79EFBC}") = "AppLoginLayer.Helpers", "AppLoginLayer.Helpers\AppLoginLayer.Helpers.csproj", "{E4971E44-3065-4F61-AD05-B9C67A0DC479}"
EndProject
Global
	GlobalSection(SolutionConfigurationPlatforms) = preSolution
		Debug|Any CPU = Debug|Any CPU
		Release|Any CPU = Release|Any CPU
	EndGlobalSection
	GlobalSection(ProjectConfigurationPlatforms) = postSolution
		{7021BC92-8771-4776-A894-58AE2543A571}.Debug|Any CPU.ActiveCfg = Debug|Any CPU
		{7021BC92-8771-4776-A894-58AE2543A571}.Debug|Any CPU.Build.0 = Debug|Any CPU
		{7021BC92-8771-4776-A894-58AE2543A571}.Release|Any CPU.ActiveCfg = Release|Any CPU
		{7021BC92-8771-4776-A894-58AE2543A571}.Release|Any CPU.Build.0 = Release|Any CPU
		{E4971E44-3065-4F61-AD05-B9C67A0DC479}.Debug|Any CPU.ActiveCfg = Debug|Any CPU
		{E4971E44-3065-4F61-AD05-B9C67A0DC479}.Debug|Any CPU.Build.0 = Debug|Any CPU
		{E4971E44-3065-4F61-AD05-B9C67A0DC479}.Release|Any CPU.ActiveCfg = Release|Any CPU
		{E4971E44-3065-4F61-AD05-B9C67A0DC479}.Release|Any CPU.Build.0 = Release|Any CPU
	EndGlobalSection
	GlobalSection(SolutionProperties) = preSolution
		HideSolutionNode = FALSE
	EndGlobalSection
	GlobalSection(ExtensibilityGlobals) = postSolution
		SolutionGuid = {904B7C79-3407-49B8-9FB1-38E18258A4FE}
	EndGlobalSection
EndGlobal
